
Microsoft Visual Studio Solution File, Format Version 12.00
# Visual Studio 14
VisualStudioVersion = 14.0.23107.0
MinimumVisualStudioVersion = 10.0.40219.1
Project("{2150E333-8FDC-42A3-9474-1A3956D46DE8}") = "Solution Items", "Solution Items", "{E6188BA1-32EC-4A5E-959E-564A03BAFFBC}"
EndProject
Project("{FAE04EC0-301F-11D3-BF4B-00C04F79EFBC}") = "PostSermonUploader", "PostSermonUploader\PostSermonUploader.csproj", "{1A2DE125-675E-4F98-A942-D1763CCDF25C}"
EndProject
Project("{FAE04EC0-301F-11D3-BF4B-00C04F79EFBC}") = "WPFFramework", "WPFFramework\WPFFramework.csproj", "{2DBD8EE7-4ADB-4A6D-98E5-511E83881C87}"
EndProject
Project("{FAE04EC0-301F-11D3-BF4B-00C04F79EFBC}") = "PostSermonUploader.IntegrationTests", "PostSermonUploader.IntegrationTests\PostSermonUploader.IntegrationTests.csproj", "{03FF2E60-0A66-4BB5-B6F8-5314B0141A3E}"
EndProject
Global
	GlobalSection(SolutionConfigurationPlatforms) = preSolution
		Debug|Any CPU = Debug|Any CPU
		Debug|Mixed Platforms = Debug|Mixed Platforms
		Debug|x86 = Debug|x86
		Release|Any CPU = Release|Any CPU
		Release|Mixed Platforms = Release|Mixed Platforms
		Release|x86 = Release|x86
	EndGlobalSection
	GlobalSection(ProjectConfigurationPlatforms) = postSolution
		{1A2DE125-675E-4F98-A942-D1763CCDF25C}.Debug|Any CPU.ActiveCfg = Debug|x86
		{1A2DE125-675E-4F98-A942-D1763CCDF25C}.Debug|Mixed Platforms.ActiveCfg = Debug|x86
		{1A2DE125-675E-4F98-A942-D1763CCDF25C}.Debug|Mixed Platforms.Build.0 = Debug|x86
		{1A2DE125-675E-4F98-A942-D1763CCDF25C}.Debug|x86.ActiveCfg = Debug|x86
		{1A2DE125-675E-4F98-A942-D1763CCDF25C}.Debug|x86.Build.0 = Debug|x86
		{1A2DE125-675E-4F98-A942-D1763CCDF25C}.Release|Any CPU.ActiveCfg = Release|x86
		{1A2DE125-675E-4F98-A942-D1763CCDF25C}.Release|Mixed Platforms.ActiveCfg = Release|x86
		{1A2DE125-675E-4F98-A942-D1763CCDF25C}.Release|Mixed Platforms.Build.0 = Release|x86
		{1A2DE125-675E-4F98-A942-D1763CCDF25C}.Release|x86.ActiveCfg = Release|x86
		{1A2DE125-675E-4F98-A942-D1763CCDF25C}.Release|x86.Build.0 = Release|x86
		{2DBD8EE7-4ADB-4A6D-98E5-511E83881C87}.Debug|Any CPU.ActiveCfg = Debug|Any CPU
		{2DBD8EE7-4ADB-4A6D-98E5-511E83881C87}.Debug|Any CPU.Build.0 = Debug|Any CPU
		{2DBD8EE7-4ADB-4A6D-98E5-511E83881C87}.Debug|Mixed Platforms.ActiveCfg = Debug|Any CPU
		{2DBD8EE7-4ADB-4A6D-98E5-511E83881C87}.Debug|Mixed Platforms.Build.0 = Debug|Any CPU
		{2DBD8EE7-4ADB-4A6D-98E5-511E83881C87}.Debug|x86.ActiveCfg = Debug|Any CPU
		{2DBD8EE7-4ADB-4A6D-98E5-511E83881C87}.Release|Any CPU.ActiveCfg = Release|Any CPU
		{2DBD8EE7-4ADB-4A6D-98E5-511E83881C87}.Release|Any CPU.Build.0 = Release|Any CPU
		{2DBD8EE7-4ADB-4A6D-98E5-511E83881C87}.Release|Mixed Platforms.ActiveCfg = Release|Any CPU
		{2DBD8EE7-4ADB-4A6D-98E5-511E83881C87}.Release|Mixed Platforms.Build.0 = Release|Any CPU
		{2DBD8EE7-4ADB-4A6D-98E5-511E83881C87}.Release|x86.ActiveCfg = Release|Any CPU
		{03FF2E60-0A66-4BB5-B6F8-5314B0141A3E}.Debug|Any CPU.ActiveCfg = Debug|Any CPU
		{03FF2E60-0A66-4BB5-B6F8-5314B0141A3E}.Debug|Any CPU.Build.0 = Debug|Any CPU
		{03FF2E60-0A66-4BB5-B6F8-5314B0141A3E}.Debug|Mixed Platforms.ActiveCfg = Debug|Any CPU
		{03FF2E60-0A66-4BB5-B6F8-5314B0141A3E}.Debug|Mixed Platforms.Build.0 = Debug|Any CPU
		{03FF2E60-0A66-4BB5-B6F8-5314B0141A3E}.Debug|x86.ActiveCfg = Debug|Any CPU
		{03FF2E60-0A66-4BB5-B6F8-5314B0141A3E}.Debug|x86.Build.0 = Debug|Any CPU
		{03FF2E60-0A66-4BB5-B6F8-5314B0141A3E}.Release|Any CPU.ActiveCfg = Release|Any CPU
		{03FF2E60-0A66-4BB5-B6F8-5314B0141A3E}.Release|Any CPU.Build.0 = Release|Any CPU
		{03FF2E60-0A66-4BB5-B6F8-5314B0141A3E}.Release|Mixed Platforms.ActiveCfg = Release|Any CPU
		{03FF2E60-0A66-4BB5-B6F8-5314B0141A3E}.Release|Mixed Platforms.Build.0 = Release|Any CPU
		{03FF2E60-0A66-4BB5-B6F8-5314B0141A3E}.Release|x86.ActiveCfg = Release|Any CPU
		{03FF2E60-0A66-4BB5-B6F8-5314B0141A3E}.Release|x86.Build.0 = Release|Any CPU
	EndGlobalSection
	GlobalSection(SolutionProperties) = preSolution
		HideSolutionNode = FALSE
	EndGlobalSection
	GlobalSection(TeamFoundationVersionControl) = preSolution
		SccNumberOfProjects = 4
		SccEnterpriseProvider = {4CA58AB2-18FA-4F8D-95D4-32DDF27D184C}
		SccTeamFoundationServer = https://sandro997.visualstudio.com/defaultcollection
		SccLocalPath0 = .
		SccProjectUniqueName1 = PostSermonUploader\\PostSermonUploader.csproj
		SccProjectName1 = PostSermonUploader
		SccLocalPath1 = PostSermonUploader
		SccProjectUniqueName2 = WPFFramework\\WPFFramework.csproj
		SccProjectName2 = WPFFramework
		SccLocalPath2 = WPFFramework
		SccProjectUniqueName3 = PostSermonUploader.IntegrationTests\\PostSermonUploader.IntegrationTests.csproj
		SccProjectName3 = PostSermonUploader.IntegrationTests
		SccLocalPath3 = PostSermonUploader.IntegrationTests
	EndGlobalSection
EndGlobal
